
Microsoft Visual Studio Solution File, Format Version 12.00
# Visual Studio Version 16
VisualStudioVersion = 16.0.31515.178
MinimumVisualStudioVersion = 10.0.40219.1
Project("{8BC9CEB8-8B4A-11D0-8D11-00A0C91BC942}") = "LabProject08-0(DDS Texture)", "LabProject08-0\LabProject08-0.vcxproj", "{1FD89798-74FC-4724-9BF8-777E9592C588}"
EndProject
Project("{8BC9CEB8-8B4A-11D0-8D11-00A0C91BC942}") = "LabProject08-1-0", "LabProject08-1-0\LabProject08-1-0.vcxproj", "{B52BDB3E-2D23-4136-A5E3-792DE60761B4}"
EndProject
Project("{8BC9CEB8-8B4A-11D0-8D11-00A0C91BC942}") = "LabProject08-2-1", "[[샘플프로젝트]스카이박스디테일텍스쳐링]_files\LabProject08-2-1\LabProject08-2-1.vcxproj", "{3CDCEEB3-163C-4782-A5E7-5802931ABF83}"
EndProject
Project("{8BC9CEB8-8B4A-11D0-8D11-00A0C91BC942}") = "LabProject08-5", "[[샘플프로젝트]스카이박스디테일텍스쳐링]_files\LabProject08-5\LabProject08-5.vcxproj", "{A24087FC-2435-420B-9EEF-7006494ED59E}"
EndProject
Project("{8BC9CEB8-8B4A-11D0-8D11-00A0C91BC942}") = "LabProject08-9-2(LaplacianEdge)", "LabProject08-9-2 (LaplacianEdge)\LabProject08-9-2.vcxproj", "{4F9D12D3-4349-4661-AED8-13A6D1EA0D44}"
EndProject
Project("{8BC9CEB8-8B4A-11D0-8D11-00A0C91BC942}") = "LabProject08-9-5(DynamicCubeMapping)", "LabProject08-9-5\LabProject08-9-5.vcxproj", "{0B2923E6-4A5E-4591-B892-F55852844DAE}"
EndProject
Project("{8BC9CEB8-8B4A-11D0-8D11-00A0C91BC942}") = "BounceMultiThread", "BounceMultiThread\BounceMultiThread.vcxproj", "{D59966B7-F589-4AC3-B933-2729D0D936F0}"
EndProject
Project("{8BC9CEB8-8B4A-11D0-8D11-00A0C91BC942}") = "D3D12Multithreading", "D3D12Multithreading\src\D3D12Multithreading.vcxproj", "{3FC193D0-7E4E-4918-8431-D67391EE4145}"
EndProject
Project("{8BC9CEB8-8B4A-11D0-8D11-00A0C91BC942}") = "LabProject08-7-3", "LabProject08-7-3 (1)\LabProject08-7-3.vcxproj", "{336EF7DC-EEB0-40E0-90C4-D283B95B4460}"
EndProject
Project("{8BC9CEB8-8B4A-11D0-8D11-00A0C91BC942}") = "LabProject08-7-5", "LabProject08-7-5 (1)\LabProject08-7-5.vcxproj", "{67D6DB9F-9EC7-40A9-BB6D-AAA5B50809E9}"
EndProject
Project("{8BC9CEB8-8B4A-11D0-8D11-00A0C91BC942}") = "LabProject09-1", "LabProject09-1\LabProject09-1.vcxproj", "{68976F02-8BE3-42F6-A17A-AAC5EBCE9C33}"
EndProject
Project("{8BC9CEB8-8B4A-11D0-8D11-00A0C91BC942}") = "LabProject09-1-0(Terrain Tessellation)", "LabProject09-1-0\LabProject09-1-0.vcxproj", "{D6BA15DD-8EE3-4948-A25A-C5FB44C59380}"
EndProject
Project("{8BC9CEB8-8B4A-11D0-8D11-00A0C91BC942}") = "LabProject08-6-7-0", "LabProject08-6-7-0\LabProject08-6-7-0.vcxproj", "{736C4988-B065-44C3-9CA1-436FF074FDD4}"
EndProject
Project("{8BC9CEB8-8B4A-11D0-8D11-00A0C91BC942}") = "LabProject08-6-7-2", "LabProject08-6-7-2\LabProject08-6-7-2.vcxproj", "{7D61728F-9C28-405B-BAF1-4E25E869FB68}"
EndProject
Project("{8BC9CEB8-8B4A-11D0-8D11-00A0C91BC942}") = "LabProject08-6-7-1", "LabProject08-6-7-1\LabProject08-6-7-1.vcxproj", "{F60024AF-501C-441D-8EB4-9F16EE54EF12}"
EndProject
Project("{8BC9CEB8-8B4A-11D0-8D11-00A0C91BC942}") = "LabProject09(Compute-Shader)", "LabProject09\LabProject09.vcxproj", "{E7B1BC2E-4916-4643-9C0C-4EBA66FAD8F1}"
EndProject
Project("{8BC9CEB8-8B4A-11D0-8D11-00A0C91BC942}") = "LabProject09-0", "LabProject09-0\LabProject09-0.vcxproj", "{E057F204-47C2-4152-9E71-CD68415CFAE0}"
EndProject
Global
	GlobalSection(SolutionConfigurationPlatforms) = preSolution
		Debug|x64 = Debug|x64
		Debug|x86 = Debug|x86
		Release|x64 = Release|x64
		Release|x86 = Release|x86
	EndGlobalSection
	GlobalSection(ProjectConfigurationPlatforms) = postSolution
		{1FD89798-74FC-4724-9BF8-777E9592C588}.Debug|x64.ActiveCfg = Debug|x64
		{1FD89798-74FC-4724-9BF8-777E9592C588}.Debug|x64.Build.0 = Debug|x64
		{1FD89798-74FC-4724-9BF8-777E9592C588}.Debug|x86.ActiveCfg = Debug|Win32
		{1FD89798-74FC-4724-9BF8-777E9592C588}.Debug|x86.Build.0 = Debug|Win32
		{1FD89798-74FC-4724-9BF8-777E9592C588}.Release|x64.ActiveCfg = Release|x64
		{1FD89798-74FC-4724-9BF8-777E9592C588}.Release|x64.Build.0 = Release|x64
		{1FD89798-74FC-4724-9BF8-777E9592C588}.Release|x86.ActiveCfg = Release|Win32
		{1FD89798-74FC-4724-9BF8-777E9592C588}.Release|x86.Build.0 = Release|Win32
		{B52BDB3E-2D23-4136-A5E3-792DE60761B4}.Debug|x64.ActiveCfg = Debug|x64
		{B52BDB3E-2D23-4136-A5E3-792DE60761B4}.Debug|x64.Build.0 = Debug|x64
		{B52BDB3E-2D23-4136-A5E3-792DE60761B4}.Debug|x86.ActiveCfg = Debug|Win32
		{B52BDB3E-2D23-4136-A5E3-792DE60761B4}.Debug|x86.Build.0 = Debug|Win32
		{B52BDB3E-2D23-4136-A5E3-792DE60761B4}.Release|x64.ActiveCfg = Release|x64
		{B52BDB3E-2D23-4136-A5E3-792DE60761B4}.Release|x64.Build.0 = Release|x64
		{B52BDB3E-2D23-4136-A5E3-792DE60761B4}.Release|x86.ActiveCfg = Release|Win32
		{B52BDB3E-2D23-4136-A5E3-792DE60761B4}.Release|x86.Build.0 = Release|Win32
		{3CDCEEB3-163C-4782-A5E7-5802931ABF83}.Debug|x64.ActiveCfg = Debug|x64
		{3CDCEEB3-163C-4782-A5E7-5802931ABF83}.Debug|x64.Build.0 = Debug|x64
		{3CDCEEB3-163C-4782-A5E7-5802931ABF83}.Debug|x86.ActiveCfg = Debug|Win32
		{3CDCEEB3-163C-4782-A5E7-5802931ABF83}.Debug|x86.Build.0 = Debug|Win32
		{3CDCEEB3-163C-4782-A5E7-5802931ABF83}.Release|x64.ActiveCfg = Release|x64
		{3CDCEEB3-163C-4782-A5E7-5802931ABF83}.Release|x64.Build.0 = Release|x64
		{3CDCEEB3-163C-4782-A5E7-5802931ABF83}.Release|x86.ActiveCfg = Release|Win32
		{3CDCEEB3-163C-4782-A5E7-5802931ABF83}.Release|x86.Build.0 = Release|Win32
		{A24087FC-2435-420B-9EEF-7006494ED59E}.Debug|x64.ActiveCfg = Debug|x64
		{A24087FC-2435-420B-9EEF-7006494ED59E}.Debug|x64.Build.0 = Debug|x64
		{A24087FC-2435-420B-9EEF-7006494ED59E}.Debug|x86.ActiveCfg = Debug|Win32
		{A24087FC-2435-420B-9EEF-7006494ED59E}.Debug|x86.Build.0 = Debug|Win32
		{A24087FC-2435-420B-9EEF-7006494ED59E}.Release|x64.ActiveCfg = Release|x64
		{A24087FC-2435-420B-9EEF-7006494ED59E}.Release|x64.Build.0 = Release|x64
		{A24087FC-2435-420B-9EEF-7006494ED59E}.Release|x86.ActiveCfg = Release|Win32
		{A24087FC-2435-420B-9EEF-7006494ED59E}.Release|x86.Build.0 = Release|Win32
		{4F9D12D3-4349-4661-AED8-13A6D1EA0D44}.Debug|x64.ActiveCfg = Debug|x64
		{4F9D12D3-4349-4661-AED8-13A6D1EA0D44}.Debug|x64.Build.0 = Debug|x64
		{4F9D12D3-4349-4661-AED8-13A6D1EA0D44}.Debug|x86.ActiveCfg = Debug|Win32
		{4F9D12D3-4349-4661-AED8-13A6D1EA0D44}.Debug|x86.Build.0 = Debug|Win32
		{4F9D12D3-4349-4661-AED8-13A6D1EA0D44}.Release|x64.ActiveCfg = Release|x64
		{4F9D12D3-4349-4661-AED8-13A6D1EA0D44}.Release|x64.Build.0 = Release|x64
		{4F9D12D3-4349-4661-AED8-13A6D1EA0D44}.Release|x86.ActiveCfg = Release|Win32
		{4F9D12D3-4349-4661-AED8-13A6D1EA0D44}.Release|x86.Build.0 = Release|Win32
		{0B2923E6-4A5E-4591-B892-F55852844DAE}.Debug|x64.ActiveCfg = Debug|x64
		{0B2923E6-4A5E-4591-B892-F55852844DAE}.Debug|x64.Build.0 = Debug|x64
		{0B2923E6-4A5E-4591-B892-F55852844DAE}.Debug|x86.ActiveCfg = Debug|Win32
		{0B2923E6-4A5E-4591-B892-F55852844DAE}.Debug|x86.Build.0 = Debug|Win32
		{0B2923E6-4A5E-4591-B892-F55852844DAE}.Release|x64.ActiveCfg = Release|x64
		{0B2923E6-4A5E-4591-B892-F55852844DAE}.Release|x64.Build.0 = Release|x64
		{0B2923E6-4A5E-4591-B892-F55852844DAE}.Release|x86.ActiveCfg = Release|Win32
		{0B2923E6-4A5E-4591-B892-F55852844DAE}.Release|x86.Build.0 = Release|Win32
		{D59966B7-F589-4AC3-B933-2729D0D936F0}.Debug|x64.ActiveCfg = Debug|x64
		{D59966B7-F589-4AC3-B933-2729D0D936F0}.Debug|x64.Build.0 = Debug|x64
		{D59966B7-F589-4AC3-B933-2729D0D936F0}.Debug|x86.ActiveCfg = Debug|Win32
		{D59966B7-F589-4AC3-B933-2729D0D936F0}.Debug|x86.Build.0 = Debug|Win32
		{D59966B7-F589-4AC3-B933-2729D0D936F0}.Release|x64.ActiveCfg = Release|x64
		{D59966B7-F589-4AC3-B933-2729D0D936F0}.Release|x64.Build.0 = Release|x64
		{D59966B7-F589-4AC3-B933-2729D0D936F0}.Release|x86.ActiveCfg = Release|Win32
		{D59966B7-F589-4AC3-B933-2729D0D936F0}.Release|x86.Build.0 = Release|Win32
		{3FC193D0-7E4E-4918-8431-D67391EE4145}.Debug|x64.ActiveCfg = Debug|x64
		{3FC193D0-7E4E-4918-8431-D67391EE4145}.Debug|x64.Build.0 = Debug|x64
		{3FC193D0-7E4E-4918-8431-D67391EE4145}.Debug|x86.ActiveCfg = Debug|x64
		{3FC193D0-7E4E-4918-8431-D67391EE4145}.Release|x64.ActiveCfg = Release|x64
		{3FC193D0-7E4E-4918-8431-D67391EE4145}.Release|x64.Build.0 = Release|x64
		{3FC193D0-7E4E-4918-8431-D67391EE4145}.Release|x86.ActiveCfg = Release|x64
		{336EF7DC-EEB0-40E0-90C4-D283B95B4460}.Debug|x64.ActiveCfg = Debug|x64
		{336EF7DC-EEB0-40E0-90C4-D283B95B4460}.Debug|x64.Build.0 = Debug|x64
		{336EF7DC-EEB0-40E0-90C4-D283B95B4460}.Debug|x86.ActiveCfg = Debug|Win32
		{336EF7DC-EEB0-40E0-90C4-D283B95B4460}.Debug|x86.Build.0 = Debug|Win32
		{336EF7DC-EEB0-40E0-90C4-D283B95B4460}.Release|x64.ActiveCfg = Release|x64
		{336EF7DC-EEB0-40E0-90C4-D283B95B4460}.Release|x64.Build.0 = Release|x64
		{336EF7DC-EEB0-40E0-90C4-D283B95B4460}.Release|x86.ActiveCfg = Release|Win32
		{336EF7DC-EEB0-40E0-90C4-D283B95B4460}.Release|x86.Build.0 = Release|Win32
		{67D6DB9F-9EC7-40A9-BB6D-AAA5B50809E9}.Debug|x64.ActiveCfg = Debug|x64
		{67D6DB9F-9EC7-40A9-BB6D-AAA5B50809E9}.Debug|x64.Build.0 = Debug|x64
		{67D6DB9F-9EC7-40A9-BB6D-AAA5B50809E9}.Debug|x86.ActiveCfg = Debug|Win32
		{67D6DB9F-9EC7-40A9-BB6D-AAA5B50809E9}.Debug|x86.Build.0 = Debug|Win32
		{67D6DB9F-9EC7-40A9-BB6D-AAA5B50809E9}.Release|x64.ActiveCfg = Release|x64
		{67D6DB9F-9EC7-40A9-BB6D-AAA5B50809E9}.Release|x64.Build.0 = Release|x64
		{67D6DB9F-9EC7-40A9-BB6D-AAA5B50809E9}.Release|x86.ActiveCfg = Release|Win32
		{67D6DB9F-9EC7-40A9-BB6D-AAA5B50809E9}.Release|x86.Build.0 = Release|Win32
		{68976F02-8BE3-42F6-A17A-AAC5EBCE9C33}.Debug|x64.ActiveCfg = Debug|x64
		{68976F02-8BE3-42F6-A17A-AAC5EBCE9C33}.Debug|x64.Build.0 = Debug|x64
		{68976F02-8BE3-42F6-A17A-AAC5EBCE9C33}.Debug|x86.ActiveCfg = Debug|Win32
		{68976F02-8BE3-42F6-A17A-AAC5EBCE9C33}.Debug|x86.Build.0 = Debug|Win32
		{68976F02-8BE3-42F6-A17A-AAC5EBCE9C33}.Release|x64.ActiveCfg = Release|x64
		{68976F02-8BE3-42F6-A17A-AAC5EBCE9C33}.Release|x64.Build.0 = Release|x64
		{68976F02-8BE3-42F6-A17A-AAC5EBCE9C33}.Release|x86.ActiveCfg = Release|Win32
		{68976F02-8BE3-42F6-A17A-AAC5EBCE9C33}.Release|x86.Build.0 = Release|Win32
		{D6BA15DD-8EE3-4948-A25A-C5FB44C59380}.Debug|x64.ActiveCfg = Debug|x64
		{D6BA15DD-8EE3-4948-A25A-C5FB44C59380}.Debug|x64.Build.0 = Debug|x64
		{D6BA15DD-8EE3-4948-A25A-C5FB44C59380}.Debug|x86.ActiveCfg = Debug|Win32
		{D6BA15DD-8EE3-4948-A25A-C5FB44C59380}.Debug|x86.Build.0 = Debug|Win32
		{D6BA15DD-8EE3-4948-A25A-C5FB44C59380}.Release|x64.ActiveCfg = Release|x64
		{D6BA15DD-8EE3-4948-A25A-C5FB44C59380}.Release|x64.Build.0 = Release|x64
		{D6BA15DD-8EE3-4948-A25A-C5FB44C59380}.Release|x86.ActiveCfg = Release|Win32
		{D6BA15DD-8EE3-4948-A25A-C5FB44C59380}.Release|x86.Build.0 = Release|Win32
		{736C4988-B065-44C3-9CA1-436FF074FDD4}.Debug|x64.ActiveCfg = Debug|x64
		{736C4988-B065-44C3-9CA1-436FF074FDD4}.Debug|x64.Build.0 = Debug|x64
		{736C4988-B065-44C3-9CA1-436FF074FDD4}.Debug|x86.ActiveCfg = Debug|Win32
		{736C4988-B065-44C3-9CA1-436FF074FDD4}.Debug|x86.Build.0 = Debug|Win32
		{736C4988-B065-44C3-9CA1-436FF074FDD4}.Release|x64.ActiveCfg = Release|x64
		{736C4988-B065-44C3-9CA1-436FF074FDD4}.Release|x64.Build.0 = Release|x64
		{736C4988-B065-44C3-9CA1-436FF074FDD4}.Release|x86.ActiveCfg = Release|Win32
		{736C4988-B065-44C3-9CA1-436FF074FDD4}.Release|x86.Build.0 = Release|Win32
		{7D61728F-9C28-405B-BAF1-4E25E869FB68}.Debug|x64.ActiveCfg = Debug|x64
		{7D61728F-9C28-405B-BAF1-4E25E869FB68}.Debug|x64.Build.0 = Debug|x64
		{7D61728F-9C28-405B-BAF1-4E25E869FB68}.Debug|x86.ActiveCfg = Debug|Win32
		{7D61728F-9C28-405B-BAF1-4E25E869FB68}.Debug|x86.Build.0 = Debug|Win32
		{7D61728F-9C28-405B-BAF1-4E25E869FB68}.Release|x64.ActiveCfg = Release|x64
		{7D61728F-9C28-405B-BAF1-4E25E869FB68}.Release|x64.Build.0 = Release|x64
		{7D61728F-9C28-405B-BAF1-4E25E869FB68}.Release|x86.ActiveCfg = Release|Win32
		{7D61728F-9C28-405B-BAF1-4E25E869FB68}.Release|x86.Build.0 = Release|Win32
		{F60024AF-501C-441D-8EB4-9F16EE54EF12}.Debug|x64.ActiveCfg = Debug|x64
		{F60024AF-501C-441D-8EB4-9F16EE54EF12}.Debug|x64.Build.0 = Debug|x64
		{F60024AF-501C-441D-8EB4-9F16EE54EF12}.Debug|x86.ActiveCfg = Debug|Win32
		{F60024AF-501C-441D-8EB4-9F16EE54EF12}.Debug|x86.Build.0 = Debug|Win32
		{F60024AF-501C-441D-8EB4-9F16EE54EF12}.Release|x64.ActiveCfg = Release|x64
		{F60024AF-501C-441D-8EB4-9F16EE54EF12}.Release|x64.Build.0 = Release|x64
		{F60024AF-501C-441D-8EB4-9F16EE54EF12}.Release|x86.ActiveCfg = Release|Win32
		{F60024AF-501C-441D-8EB4-9F16EE54EF12}.Release|x86.Build.0 = Release|Win32
		{E7B1BC2E-4916-4643-9C0C-4EBA66FAD8F1}.Debug|x64.ActiveCfg = Debug|x64
		{E7B1BC2E-4916-4643-9C0C-4EBA66FAD8F1}.Debug|x64.Build.0 = Debug|x64
		{E7B1BC2E-4916-4643-9C0C-4EBA66FAD8F1}.Debug|x86.ActiveCfg = Debug|Win32
		{E7B1BC2E-4916-4643-9C0C-4EBA66FAD8F1}.Debug|x86.Build.0 = Debug|Win32
		{E7B1BC2E-4916-4643-9C0C-4EBA66FAD8F1}.Release|x64.ActiveCfg = Release|x64
		{E7B1BC2E-4916-4643-9C0C-4EBA66FAD8F1}.Release|x64.Build.0 = Release|x64
		{E7B1BC2E-4916-4643-9C0C-4EBA66FAD8F1}.Release|x86.ActiveCfg = Release|Win32
		{E7B1BC2E-4916-4643-9C0C-4EBA66FAD8F1}.Release|x86.Build.0 = Release|Win32
		{E057F204-47C2-4152-9E71-CD68415CFAE0}.Debug|x64.ActiveCfg = Debug|x64
		{E057F204-47C2-4152-9E71-CD68415CFAE0}.Debug|x64.Build.0 = Debug|x64
		{E057F204-47C2-4152-9E71-CD68415CFAE0}.Debug|x86.ActiveCfg = Debug|Win32
		{E057F204-47C2-4152-9E71-CD68415CFAE0}.Debug|x86.Build.0 = Debug|Win32
		{E057F204-47C2-4152-9E71-CD68415CFAE0}.Release|x64.ActiveCfg = Release|x64
		{E057F204-47C2-4152-9E71-CD68415CFAE0}.Release|x64.Build.0 = Release|x64
		{E057F204-47C2-4152-9E71-CD68415CFAE0}.Release|x86.ActiveCfg = Release|Win32
		{E057F204-47C2-4152-9E71-CD68415CFAE0}.Release|x86.Build.0 = Release|Win32
	EndGlobalSection
	GlobalSection(SolutionProperties) = preSolution
		HideSolutionNode = FALSE
	EndGlobalSection
	GlobalSection(ExtensibilityGlobals) = postSolution
		SolutionGuid = {B88265A1-EF1F-4F3E-BA46-5AF63E7D899E}
	EndGlobalSection
EndGlobal
