<?xml version="1.0" encoding="utf-8"?>
<Project ToolsVersion="4.0" xmlns="http://schemas.microsoft.com/developer/msbuild/2003">
  <ItemGroup>
    <Filter Include="2장">
      <UniqueIdentifier>{9083bfa7-375c-4828-8414-68c780cd7fe2}</UniqueIdentifier>
    </Filter>
    <Filter Include="3장">
      <UniqueIdentifier>{ac109f2b-7dd9-4193-84c3-4669afa144d4}</UniqueIdentifier>
    </Filter>
    <Filter Include="4장">
      <UniqueIdentifier>{8b84620c-e634-41ec-8e34-53324c240653}</UniqueIdentifier>
    </Filter>
    <Filter Include="5장">
      <UniqueIdentifier>{4ec3316d-84b6-426b-ac7c-be9861a49bbd}</UniqueIdentifier>
    </Filter>
    <Filter Include="5장\1. Fixed">
      <UniqueIdentifier>{a9408f07-fe7f-4f66-8074-857136d41ba2}</UniqueIdentifier>
    </Filter>
    <Filter Include="5장\2. Variable">
      <UniqueIdentifier>{f9467605-b9e3-4ca1-9457-cad955814ec1}</UniqueIdentifier>
    </Filter>
    <Filter Include="5장\3. FixedVariable">
      <UniqueIdentifier>{5cdb469c-99e8-4d15-a847-98c5604619f1}</UniqueIdentifier>
    </Filter>
    <Filter Include="5장\4. CloseOnTransfer">
      <UniqueIdentifier>{87d904d2-ea4e-4395-a88b-fa3a2b8876d4}</UniqueIdentifier>
    </Filter>
    <Filter Include="6장">
      <UniqueIdentifier>{1f264a0e-0f97-44cb-97ba-1f80d8f330bd}</UniqueIdentifier>
    </Filter>
    <Filter Include="7장">
      <UniqueIdentifier>{e1359462-4217-4a23-95a7-150e7d91262a}</UniqueIdentifier>
    </Filter>
  </ItemGroup>
  <ItemGroup>
    <ClCompile Include="HW_2-1.cpp">
      <Filter>2장</Filter>
    </ClCompile>
    <ClCompile Include="3-1. ByteOrder.cpp">
      <Filter>3장</Filter>
    </ClCompile>
    <ClCompile Include="3-2. IPAddr.cpp">
      <Filter>3장</Filter>
    </ClCompile>
    <ClCompile Include="HW_3-1.cpp">
      <Filter>3장</Filter>
    </ClCompile>
    <ClCompile Include="TCPServer.cpp">
      <Filter>4장</Filter>
    </ClCompile>
    <ClCompile Include="TCPClient.cpp">
      <Filter>4장</Filter>
    </ClCompile>
    <ClCompile Include="HW_4-8.cpp">
      <Filter>4장</Filter>
    </ClCompile>
    <ClCompile Include="InitWinsock.cpp">
      <Filter>2장</Filter>
    </ClCompile>
    <ClCompile Include="NameResolution.cpp">
      <Filter>3장</Filter>
    </ClCompile>
    <ClCompile Include="TCPClient_Fixed.cpp">
      <Filter>5장\1. Fixed</Filter>
    </ClCompile>
    <ClCompile Include="TCPServer_Fixed.cpp">
      <Filter>5장\1. Fixed</Filter>
    </ClCompile>
    <ClCompile Include="TCPClient_Variable.cpp">
      <Filter>5장\2. Variable</Filter>
    </ClCompile>
    <ClCompile Include="TCPServer_Variable.cpp">
      <Filter>5장\2. Variable</Filter>
    </ClCompile>
    <ClCompile Include="TCPClient_FixedVariable.cpp">
      <Filter>5장\3. FixedVariable</Filter>
    </ClCompile>
    <ClCompile Include="TCPServer_FixedVariable.cpp">
      <Filter>5장\3. FixedVariable</Filter>
    </ClCompile>
    <ClCompile Include="ExThread1.cpp">
      <Filter>6장</Filter>
    </ClCompile>
    <ClCompile Include="MultithreadTCPServer.cpp">
      <Filter>6장</Filter>
    </ClCompile>
    <ClCompile Include="ExEvent.cpp">
      <Filter>6장</Filter>
    </ClCompile>
    <ClCompile Include="UDPClient.cpp">
      <Filter>7장</Filter>
    </ClCompile>
  </ItemGroup>
</Project>