<?xml version="1.0" encoding="utf-8"?>
<Project ToolsVersion="4.0" xmlns="http://schemas.microsoft.com/developer/msbuild/2003">
  <ItemGroup>
    <Filter Include="7장">
      <UniqueIdentifier>{fbdf99b8-1865-4c86-b8db-aeb127279228}</UniqueIdentifier>
    </Filter>
  </ItemGroup>
  <ItemGroup>
    <ClCompile Include="UDPClient.cpp">
      <Filter>7장</Filter>
    </ClCompile>
    <ClCompile Include="UDPServer.cpp">
      <Filter>7장</Filter>
    </ClCompile>
  </ItemGroup>
</Project>